
Microsoft Visual Studio Solution File, Format Version 12.00
# Visual Studio Version 17
VisualStudioVersion = 17.14.36408.4 d17.14
MinimumVisualStudioVersion = 10.0.40219.1
Project("{FAE04EC0-301F-11D3-BF4B-00C04F79EFBC}") = "BrowserChooser3", "BrowserChooser3\BrowserChooser3.csproj", "{D3CE3872-09F6-BA54-4534-C70762E4AAEE}"
EndProject
Global
	GlobalSection(SolutionConfigurationPlatforms) = preSolution
		Debug|Any CPU = Debug|Any CPU
		Release|Any CPU = Release|Any CPU
	EndGlobalSection
	GlobalSection(ProjectConfigurationPlatforms) = postSolution
		{D3CE3872-09F6-BA54-4534-C70762E4AAEE}.Debug|Any CPU.ActiveCfg = Debug|Any CPU
		{D3CE3872-09F6-BA54-4534-C70762E4AAEE}.Debug|Any CPU.Build.0 = Debug|Any CPU
		{D3CE3872-09F6-BA54-4534-C70762E4AAEE}.Release|Any CPU.ActiveCfg = Release|Any CPU
		{D3CE3872-09F6-BA54-4534-C70762E4AAEE}.Release|Any CPU.Build.0 = Release|Any CPU
	EndGlobalSection
	GlobalSection(SolutionProperties) = preSolution
		HideSolutionNode = FALSE
	EndGlobalSection
	GlobalSection(ExtensibilityGlobals) = postSolution
		SolutionGuid = {8BD99A11-26F3-4799-852E-0307D5AD240E}
	EndGlobalSection
EndGlobal
